{
  "name": ".root",
  "lockfileVersion": 3,
  "requires": true,
  "packages": {
    "": {
      "dependencies": {
        "monkey-around": "^3.0.0"
      }
    },
    "node_modules/monkey-around": {
      "version": "3.0.0",
      "resolved": "https://registry.npmjs.org/monkey-around/-/monkey-around-3.0.0.tgz",
      "integrity": "sha512-jL6uY2lEAoaHxZep1cNRkCZjoIWY4g5VYCjriEWmcyHU7w8NU1+JH57xE251UVTohK0lCxMjv0ZV4ByDLIXEpw==",
      "license": "ISC"
    }
  }
}
